<?xml version="1.0" encoding="utf-8"?>
<Project ToolsVersion="4.0" xmlns="http://schemas.microsoft.com/developer/msbuild/2003">
  <ItemGroup>
    <Filter Include="Public">
      <UniqueIdentifier>{93995380-89BD-4b04-88EB-625FBE52EBFB}</UniqueIdentifier>
      <Extensions>h;hh;hpp;hxx;hm;inl;inc;ipp;xsd</Extensions>
    </Filter>
    <Filter Include="Private">
      <UniqueIdentifier>{4FC737F1-C7A5-4376-A066-2A32D752A2FF}</UniqueIdentifier>
      <Extensions>cpp;c;cc;cxx;def;odl;idl;hpj;bat;asm;asmx</Extensions>
    </Filter>
    <Filter Include="Notes">
      <UniqueIdentifier>{3c6b22f7-3913-43d3-aa35-c8c6ed8eda17}</UniqueIdentifier>
    </Filter>
  </ItemGroup>
  <ItemGroup>
    <None Include="Notes\第1章 让自己习惯C++.md">
      <Filter>Notes</Filter>
    </None>
  </ItemGroup>
  <ItemGroup>
    <ClCompile Include="Private\Book_Effective_C++.cpp">
      <Filter>Private</Filter>
    </ClCompile>
    <ClCompile Include="Private\第1章-让自己习惯C++.cpp">
      <Filter>Private</Filter>
    </ClCompile>
  </ItemGroup>
  <ItemGroup>
    <ClInclude Include="Public\第1章-让自己习惯C++.h">
      <Filter>Public</Filter>
    </ClInclude>
  </ItemGroup>
</Project>