<?xml version="1.0" encoding="utf-8"?>
<Project ToolsVersion="4.0" xmlns="http://schemas.microsoft.com/developer/msbuild/2003">
  <ItemGroup>
    <Filter Include="Source Files">
      <UniqueIdentifier>{4FC737F1-C7A5-4376-A066-2A32D752A2FF}</UniqueIdentifier>
      <Extensions>cpp;c;cc;cxx;def;odl;idl;hpj;bat;asm;asmx</Extensions>
    </Filter>
    <Filter Include="Header Files">
      <UniqueIdentifier>{93995380-89BD-4b04-88EB-625FBE52EBFB}</UniqueIdentifier>
      <Extensions>h;hh;hpp;hxx;hm;inl;inc;ipp;xsd</Extensions>
    </Filter>
    <Filter Include="Resource Files">
      <UniqueIdentifier>{67DA6AB6-F800-4c08-8B7A-83BB121AAD01}</UniqueIdentifier>
      <Extensions>rc;ico;cur;bmp;dlg;rc2;rct;bin;rgs;gif;jpg;jpeg;jpe;resx;tiff;tif;png;wav;mfcribbon-ms</Extensions>
    </Filter>
    <Filter Include="Source Files\6.2 容器 Container">
      <UniqueIdentifier>{b9e059bf-fd9f-4e6f-8b28-34abc865cd36}</UniqueIdentifier>
    </Filter>
    <Filter Include="cppstdlib">
      <UniqueIdentifier>{24c089d9-df3b-4200-a705-709ec3e317b0}</UniqueIdentifier>
    </Filter>
    <Filter Include="Source Files\6.3 迭代器 Iterator">
      <UniqueIdentifier>{ba3dbe77-b89f-4163-9782-a74b2fca025c}</UniqueIdentifier>
    </Filter>
    <Filter Include="Source Files\6.4 算法 Algorithm">
      <UniqueIdentifier>{e8a413ed-3b34-4ca7-a13d-dd51b36906e7}</UniqueIdentifier>
    </Filter>
    <Filter Include="Source Files\6.5 迭代器之适配器 Iterator Adapter">
      <UniqueIdentifier>{a7daecb3-0953-4371-8390-ab8e7dfe42e4}</UniqueIdentifier>
    </Filter>
  </ItemGroup>
  <ItemGroup>
    <ClCompile Include="Chapter 06 标准模板库.cpp">
      <Filter>Source Files</Filter>
    </ClCompile>
    <ClCompile Include="6.2.1 序列式容器 Sequence Container.cpp">
      <Filter>Source Files\6.2 容器 Container</Filter>
    </ClCompile>
    <ClCompile Include="vector1.cpp">
      <Filter>cppstdlib</Filter>
    </ClCompile>
    <ClCompile Include="deque1.cpp">
      <Filter>cppstdlib</Filter>
    </ClCompile>
    <ClCompile Include="array1.cpp">
      <Filter>cppstdlib</Filter>
    </ClCompile>
    <ClCompile Include="list1.cpp">
      <Filter>cppstdlib</Filter>
    </ClCompile>
    <ClCompile Include="multiset1.cpp">
      <Filter>cppstdlib</Filter>
    </ClCompile>
    <ClCompile Include="multimap1.cpp">
      <Filter>cppstdlib</Filter>
    </ClCompile>
    <ClCompile Include="unordmap1.cpp">
      <Filter>cppstdlib</Filter>
    </ClCompile>
    <ClCompile Include="6.3 迭代器 Iterator.cpp">
      <Filter>Source Files\6.3 迭代器 Iterator</Filter>
    </ClCompile>
    <ClCompile Include="6.4 算法 Algorithm.cpp">
      <Filter>Source Files\6.4 算法 Algorithm</Filter>
    </ClCompile>
    <ClCompile Include="algo1.cpp">
      <Filter>cppstdlib</Filter>
    </ClCompile>
    <ClCompile Include="find1.cpp">
      <Filter>cppstdlib</Filter>
    </ClCompile>
    <ClCompile Include="6.5.1 Insert Iterator 安插型迭代器.cpp">
      <Filter>Source Files\6.5 迭代器之适配器 Iterator Adapter</Filter>
    </ClCompile>
    <ClCompile Include="6.5.2 Stream Iterator 串流迭代器.cpp">
      <Filter>Source Files\6.5 迭代器之适配器 Iterator Adapter</Filter>
    </ClCompile>
  </ItemGroup>
</Project>